
Microsoft Visual Studio Solution File, Format Version 12.00
# Visual Studio 15
VisualStudioVersion = 15.0.28307.168
MinimumVisualStudioVersion = 10.0.40219.1
Project("{FAE04EC0-301F-11D3-BF4B-00C04F79EFBC}") = "WindowsFormsApp1", "WindowsFormsApp1\WindowsFormsApp1.csproj", "{BF9CCEA5-79E8-4D90-A631-0D787CF0457B}"
EndProject
Global
	GlobalSection(SolutionConfigurationPlatforms) = preSolution
		Debug|Any CPU = Debug|Any CPU
		Release|Any CPU = Release|Any CPU
	EndGlobalSection
	GlobalSection(ProjectConfigurationPlatforms) = postSolution
		{BF9CCEA5-79E8-4D90-A631-0D787CF0457B}.Debug|Any CPU.ActiveCfg = Debug|Any CPU
		{BF9CCEA5-79E8-4D90-A631-0D787CF0457B}.Debug|Any CPU.Build.0 = Debug|Any CPU
		{BF9CCEA5-79E8-4D90-A631-0D787CF0457B}.Release|Any CPU.ActiveCfg = Release|Any CPU
		{BF9CCEA5-79E8-4D90-A631-0D787CF0457B}.Release|Any CPU.Build.0 = Release|Any CPU
	EndGlobalSection
	GlobalSection(SolutionProperties) = preSolution
		HideSolutionNode = FALSE
	EndGlobalSection
	GlobalSection(ExtensibilityGlobals) = postSolution
		SolutionGuid = {8F0560E0-C684-42D9-B167-AEDD019635C3}
	EndGlobalSection
EndGlobal
